
Microsoft Visual Studio Solution File, Format Version 12.00
# Visual Studio Version 17
VisualStudioVersion = 17.13.35828.75
MinimumVisualStudioVersion = 10.0.40219.1
Project("{FAE04EC0-301F-11D3-BF4B-00C04F79EFBC}") = "BookMGMT", "BookMGMT\BookMGMT.csproj", "{325F3648-D673-4EC8-8197-257C4A194369}"
EndProject
Global
	GlobalSection(SolutionConfigurationPlatforms) = preSolution
		Debug|Any CPU = Debug|Any CPU
		Release|Any CPU = Release|Any CPU
	EndGlobalSection
	GlobalSection(ProjectConfigurationPlatforms) = postSolution
		{325F3648-D673-4EC8-8197-257C4A194369}.Debug|Any CPU.ActiveCfg = Debug|Any CPU
		{325F3648-D673-4EC8-8197-257C4A194369}.Debug|Any CPU.Build.0 = Debug|Any CPU
		{325F3648-D673-4EC8-8197-257C4A194369}.Release|Any CPU.ActiveCfg = Release|Any CPU
		{325F3648-D673-4EC8-8197-257C4A194369}.Release|Any CPU.Build.0 = Release|Any CPU
	EndGlobalSection
	GlobalSection(SolutionProperties) = preSolution
		HideSolutionNode = FALSE
	EndGlobalSection
	GlobalSection(ExtensibilityGlobals) = postSolution
		SolutionGuid = {540BBCA4-A95F-4585-A57E-3749D1597822}
	EndGlobalSection
EndGlobal
